// !$*UTF8*$!
{
	archiveVersion = 1;
	classes = {
	};
	objectVersion = 46;
	objects = {

/* Begin PBXBuildFile section */
		8B2CC29B1B344E4500144666 /* main.m in Sources */ = {isa = PBXBuildFile; fileRef = 8B2CC29A1B344E4500144666 /* main.m */; };
		8B2CC29E1B344E4500144666 /* AppDelegate.m in Sources */ = {isa = PBXBuildFile; fileRef = 8B2CC29D1B344E4500144666 /* AppDelegate.m */; };
		8B2CC2A11B344E4500144666 /* ViewController.m in Sources */ = {isa = PBXBuildFile; fileRef = 8B2CC2A01B344E4500144666 /* ViewController.m */; };
		8B2CC2A41B344E4500144666 /* Main.storyboard in Resources */ = {isa = PBXBuildFile; fileRef = 8B2CC2A21B344E4500144666 /* Main.storyboard */; };
		8B2CC2A61B344E4500144666 /* Images.xcassets in Resources */ = {isa = PBXBuildFile; fileRef = 8B2CC2A51B344E4500144666 /* Images.xcassets */; };
		8B2CC2A91B344E4500144666 /* LaunchScreen.xib in Resources */ = {isa = PBXBuildFile; fileRef = 8B2CC2A71B344E4500144666 /* LaunchScreen.xib */; };
		8B2CC2B51B344E4500144666 /* DrawingTests.m in Sources */ = {isa = PBXBuildFile; fileRef = 8B2CC2B41B344E4500144666 /* DrawingTests.m */; };
		8B2CC2C01B344E9D00144666 /* CoolGraphicsView.m in Sources */ = {isa = PBXBuildFile; fileRef = 8B2CC2BF1B344E9D00144666 /* CoolGraphicsView.m */; };
/* End PBXBuildFile section */

/* Begin PBXContainerItemProxy section */
		8B2CC2AF1B344E4500144666 /* PBXContainerItemProxy */ = {
			isa = PBXContainerItemProxy;
			containerPortal = 8B2CC28D1B344E4500144666 /* Project object */;
			proxyType = 1;
			remoteGlobalIDString = 8B2CC2941B344E4500144666;
			remoteInfo = Drawing;
		};
/* End PBXContainerItemProxy section */

/* Begin PBXFileReference section */
		8B2CC2951B344E4500144666 /* Drawing.app */ = {isa = PBXFileReference; explicitFileType = wrapper.application; includeInIndex = 0; path = Drawing.app; sourceTree = BUILT_PRODUCTS_DIR; };
		8B2CC2991B344E4500144666 /* Info.plist */ = {isa = PBXFileReference; lastKnownFileType = text.plist.xml; path = Info.plist; sourceTree = "<group>"; };
		8B2CC29A1B344E4500144666 /* main.m */ = {isa = PBXFileReference; lastKnownFileType = sourcecode.c.objc; path = main.m; sourceTree = "<group>"; };
		8B2CC29C1B344E4500144666 /* AppDelegate.h */ = {isa = PBXFileReference; lastKnownFileType = sourcecode.c.h; path = AppDelegate.h; sourceTree = "<group>"; };
		8B2CC29D1B344E4500144666 /* AppDelegate.m */ = {isa = PBXFileReference; lastKnownFileType = sourcecode.c.objc; path = AppDelegate.m; sourceTree = "<group>"; };
		8B2CC29F1B344E4500144666 /* ViewController.h */ = {isa = PBXFileReference; lastKnownFileType = sourcecode.c.h; path = ViewController.h; sourceTree = "<group>"; };
		8B2CC2A01B344E4500144666 /* ViewController.m */ = {isa = PBXFileReference; lastKnownFileType = sourcecode.c.objc; path = ViewController.m; sourceTree = "<group>"; };
		8B2CC2A31B344E4500144666 /* Base */ = {isa = PBXFileReference; lastKnownFileType = file.storyboard; name = Base; path = Base.lproj/Main.storyboard; sourceTree = "<group>"; };
		8B2CC2A51B344E4500144666 /* Images.xcassets */ = {isa = PBXFileReference; lastKnownFileType = folder.assetcatalog; path = Images.xcassets; sourceTree = "<group>"; };
		8B2CC2A81B344E4500144666 /* Base */ = {isa = PBXFileReference; lastKnownFileType = file.xib; name = Base; path = Base.lproj/LaunchScreen.xib; sourceTree = "<group>"; };
		8B2CC2AE1B344E4500144666 /* DrawingTests.xctest */ = {isa = PBXFileReference; explicitFileType = wrapper.cfbundle; includeInIndex = 0; path = DrawingTests.xctest; sourceTree = BUILT_PRODUCTS_DIR; };
		8B2CC2B31B344E4500144666 /* Info.plist */ = {isa = PBXFileReference; lastKnownFileType = text.plist.xml; path = Info.plist; sourceTree = "<group>"; };
		8B2CC2B41B344E4500144666 /* DrawingTests.m */ = {isa = PBXFileReference; lastKnownFileType = sourcecode.c.objc; path = DrawingTests.m; sourceTree = "<group>"; };
		8B2CC2BE1B344E9D00144666 /* CoolGraphicsView.h */ = {isa = PBXFileReference; fileEncoding = 4; lastKnownFileType = sourcecode.c.h; path = CoolGraphicsView.h; sourceTree = "<group>"; };
		8B2CC2BF1B344E9D00144666 /* CoolGraphicsView.m */ = {isa = PBXFileReference; fileEncoding = 4; lastKnownFileType = sourcecode.c.objc; path = CoolGraphicsView.m; sourceTree = "<group>"; };
/* End PBXFileReference section */

/* Begin PBXFrameworksBuildPhase section */
		8B2CC2921B344E4500144666 /* Frameworks */ = {
			isa = PBXFrameworksBuildPhase;
			buildActionMask = 2147483647;
			files = (
			);
			runOnlyForDeploymentPostprocessing = 0;
		};
		8B2CC2AB1B344E4500144666 /* Frameworks */ = {
			isa = PBXFrameworksBuildPhase;
			buildActionMask = 2147483647;
			files = (
			);
			runOnlyForDeploymentPostprocessing = 0;
		};
/* End PBXFrameworksBuildPhase section */

/* Begin PBXGroup section */
		8B2CC28C1B344E4500144666 = {
			isa = PBXGroup;
			children = (
				8B2CC2971B344E4500144666 /* Drawing */,
				8B2CC2B11B344E4500144666 /* DrawingTests */,
				8B2CC2961B344E4500144666 /* Products */,
			);
			sourceTree = "<group>";
		};
		8B2CC2961B344E4500144666 /* Products */ = {
			isa = PBXGroup;
			children = (
				8B2CC2951B344E4500144666 /* Drawing.app */,
				8B2CC2AE1B344E4500144666 /* DrawingTests.xctest */,
			);
			name = Products;
			sourceTree = "<group>";
		};
		8B2CC2971B344E4500144666 /* Drawing */ = {
			isa = PBXGroup;
			children = (
				8B2CC29C1B344E4500144666 /* AppDelegate.h */,
				8B2CC29D1B344E4500144666 /* AppDelegate.m */,
				8B2CC29F1B344E4500144666 /* ViewController.h */,
				8B2CC2A01B344E4500144666 /* ViewController.m */,
				8B2CC2BE1B344E9D00144666 /* CoolGraphicsView.h */,
				8B2CC2BF1B344E9D00144666 /* CoolGraphicsView.m */,
				8B2CC2A21B344E4500144666 /* Main.storyboard */,
				8B2CC2A51B344E4500144666 /* Images.xcassets */,
				8B2CC2A71B344E4500144666 /* LaunchScreen.xib */,
				8B2CC2981B344E4500144666 /* Supporting Files */,
			);
			path = Drawing;
			sourceTree = "<group>";
		};
		8B2CC2981B344E4500144666 /* Supporting Files */ = {
			isa = PBXGroup;
			children = (
				8B2CC2991B344E4500144666 /* Info.plist */,
				8B2CC29A1B344E4500144666 /* main.m */,
			);
			name = "Supporting Files";
			sourceTree = "<group>";
		};
		8B2CC2B11B344E4500144666 /* DrawingTests */ = {
			isa = PBXGroup;
			children = (
				8B2CC2B41B344E4500144666 /* DrawingTests.m */,
				8B2CC2B21B344E4500144666 /* Supporting Files */,
			);
			path = DrawingTests;
			sourceTree = "<group>";
		};
		8B2CC2B21B344E4500144666 /* Supporting Files */ = {
			isa = PBXGroup;
			children = (
				8B2CC2B31B344E4500144666 /* Info.plist */,
			);
			name = "Supporting Files";
			sourceTree = "<group>";
		};
/* End PBXGroup section */

/* Begin PBXNativeTarget section */
		8B2CC2941B344E4500144666 /* Drawing */ = {
			isa = PBXNativeTarget;
			buildConfigurationList = 8B2CC2B81B344E4500144666 /* Build configuration list for PBXNativeTarget "Drawing" */;
			buildPhases = (
				8B2CC2911B344E4500144666 /* Sources */,
				8B2CC2921B344E4500144666 /* Frameworks */,
				8B2CC2931B344E4500144666 /* Resources */,
			);
			buildRules = (
			);
			dependencies = (
			);
			name = Drawing;
			productName = Drawing;
			productReference = 8B2CC2951B344E4500144666 /* Drawing.app */;
			productType = "com.apple.product-type.application";
		};
		8B2CC2AD1B344E4500144666 /* DrawingTests */ = {
			isa = PBXNativeTarget;
			buildConfigurationList = 8B2CC2BB1B344E4500144666 /* Build configuration list for PBXNativeTarget "DrawingTests" */;
			buildPhases = (
				8B2CC2AA1B344E4500144666 /* Sources */,
				8B2CC2AB1B344E4500144666 /* Frameworks */,
				8B2CC2AC1B344E4500144666 /* Resources */,
			);
			buildRules = (
			);
			dependencies = (
				8B2CC2B01B344E4500144666 /* PBXTargetDependency */,
			);
			name = DrawingTests;
			productName = DrawingTests;
			productReference = 8B2CC2AE1B344E4500144666 /* DrawingTests.xctest */;
			productType = "com.apple.product-type.bundle.unit-test";
		};
/* End PBXNativeTarget section */

/* Begin PBXProject section */
		8B2CC28D1B344E4500144666 /* Project object */ = {
			isa = PBXProject;
			attributes = {
				LastUpgradeCheck = 0630;
				ORGANIZATIONNAME = "Cory Alder";
				TargetAttributes = {
					8B2CC2941B344E4500144666 = {
						CreatedOnToolsVersion = 6.3.2;
					};
					8B2CC2AD1B344E4500144666 = {
						CreatedOnToolsVersion = 6.3.2;
						TestTargetID = 8B2CC2941B344E4500144666;
					};
				};
			};
			buildConfigurationList = 8B2CC2901B344E4500144666 /* Build configuration list for PBXProject "Drawing" */;
			compatibilityVersion = "Xcode 3.2";
			developmentRegion = English;
			hasScannedForEncodings = 0;
			knownRegions = (
				en,
				Base,
			);
			mainGroup = 8B2CC28C1B344E4500144666;
			productRefGroup = 8B2CC2961B344E4500144666 /* Products */;
			projectDirPath = "";
			projectRoot = "";
			targets = (
				8B2CC2941B344E4500144666 /* Drawing */,
				8B2CC2AD1B344E4500144666 /* DrawingTests */,
			);
		};
/* End PBXProject section */

/* Begin PBXResourcesBuildPhase section */
		8B2CC2931B344E4500144666 /* Resources */ = {
			isa = PBXResourcesBuildPhase;
			buildActionMask = 2147483647;
			files = (
				8B2CC2A41B344E4500144666 /* Main.storyboard in Resources */,
				8B2CC2A91B344E4500144666 /* LaunchScreen.xib in Resources */,
				8B2CC2A61B344E4500144666 /* Images.xcassets in Resources */,
			);
			runOnlyForDeploymentPostprocessing = 0;
		};
		8B2CC2AC1B344E4500144666 /* Resources */ = {
			isa = PBXResourcesBuildPhase;
			buildActionMask = 2147483647;
			files = (
			);
			runOnlyForDeploymentPostprocessing = 0;
		};
/* End PBXResourcesBuildPhase section */

/* Begin PBXSourcesBuildPhase section */
		8B2CC2911B344E4500144666 /* Sources */ = {
			isa = PBXSourcesBuildPhase;
			buildActionMask = 2147483647;
			files = (
				8B2CC2A11B344E4500144666 /* ViewController.m in Sources */,
				8B2CC29E1B344E4500144666 /* AppDelegate.m in Sources */,
				8B2CC2C01B344E9D00144666 /* CoolGraphicsView.m in Sources */,
				8B2CC29B1B344E4500144666 /* main.m in Sources */,
			);
			runOnlyForDeploymentPostprocessing = 0;
		};
		8B2CC2AA1B344E4500144666 /* Sources */ = {
			isa = PBXSourcesBuildPhase;
			buildActionMask = 2147483647;
			files = (
				8B2CC2B51B344E4500144666 /* DrawingTests.m in Sources */,
			);
			runOnlyForDeploymentPostprocessing = 0;
		};
/* End PBXSourcesBuildPhase section */

/* Begin PBXTargetDependency section */
		8B2CC2B01B344E4500144666 /* PBXTargetDependency */ = {
			isa = PBXTargetDependency;
			target = 8B2CC2941B344E4500144666 /* Drawing */;
			targetProxy = 8B2CC2AF1B344E4500144666 /* PBXContainerItemProxy */;
		};
/* End PBXTargetDependency section */

/* Begin PBXVariantGroup section */
		8B2CC2A21B344E4500144666 /* Main.storyboard */ = {
			isa = PBXVariantGroup;
			children = (
				8B2CC2A31B344E4500144666 /* Base */,
			);
			name = Main.storyboard;
			sourceTree = "<group>";
		};
		8B2CC2A71B344E4500144666 /* LaunchScreen.xib */ = {
			isa = PBXVariantGroup;
			children = (
				8B2CC2A81B344E4500144666 /* Base */,
			);
			name = LaunchScreen.xib;
			sourceTree = "<group>";
		};
/* End PBXVariantGroup section */

/* Begin XCBuildConfiguration section */
		8B2CC2B61B344E4500144666 /* Debug */ = {
			isa = XCBuildConfiguration;
			buildSettings = {
				ALWAYS_SEARCH_USER_PATHS = NO;
				CLANG_CXX_LANGUAGE_STANDARD = "gnu++0x";
				CLANG_CXX_LIBRARY = "libc++";
				CLANG_ENABLE_MODULES = YES;
				CLANG_ENABLE_OBJC_ARC = YES;
				CLANG_WARN_BOOL_CONVERSION = YES;
				CLANG_WARN_CONSTANT_CONVERSION = YES;
				CLANG_WARN_DIRECT_OBJC_ISA_USAGE = YES_ERROR;
				CLANG_WARN_EMPTY_BODY = YES;
				CLANG_WARN_ENUM_CONVERSION = YES;
				CLANG_WARN_INT_CONVERSION = YES;
				CLANG_WARN_OBJC_ROOT_CLASS = YES_ERROR;
				CLANG_WARN_UNREACHABLE_CODE = YES;
				CLANG_WARN__DUPLICATE_METHOD_MATCH = YES;
				"CODE_SIGN_IDENTITY[sdk=iphoneos*]" = "iPhone Developer";
				COPY_PHASE_STRIP = NO;
				DEBUG_INFORMATION_FORMAT = "dwarf-with-dsym";
				ENABLE_STRICT_OBJC_MSGSEND = YES;
				GCC_C_LANGUAGE_STANDARD = gnu99;
				GCC_DYNAMIC_NO_PIC = NO;
				GCC_NO_COMMON_BLOCKS = YES;
				GCC_OPTIMIZATION_LEVEL = 0;
				GCC_PREPROCESSOR_DEFINITIONS = (
					"DEBUG=1",
					"$(inherited)",
				);
				GCC_SYMBOLS_PRIVATE_EXTERN = NO;
				GCC_WARN_64_TO_32_BIT_CONVERSION = YES;
				GCC_WARN_ABOUT_RETURN_TYPE = YES_ERROR;
				GCC_WARN_UNDECLARED_SELECTOR = YES;
				GCC_WARN_UNINITIALIZED_AUTOS = YES_AGGRESSIVE;
				GCC_WARN_UNUSED_FUNCTION = YES;
				GCC_WARN_UNUSED_VARIABLE = YES;
				IPHONEOS_DEPLOYMENT_TARGET = 8.3;
				MTL_ENABLE_DEBUG_INFO = YES;
				ONLY_ACTIVE_ARCH = YES;
				SDKROOT = iphoneos;
			};
			name = Debug;
		};
		8B2CC2B71B344E4500144666 /* Release */ = {
			isa = XCBuildConfiguration;
			buildSettings = {
				ALWAYS_SEARCH_USER_PATHS = NO;
				CLANG_CXX_LANGUAGE_STANDARD = "gnu++0x";
				CLANG_CXX_LIBRARY = "libc++";
				CLANG_ENABLE_MODULES = YES;
				CLANG_ENABLE_OBJC_ARC = YES;
				CLANG_WARN_BOOL_CONVERSION = YES;
				CLANG_WARN_CONSTANT_CONVERSION = YES;
				CLANG_WARN_DIRECT_OBJC_ISA_USAGE = YES_ERROR;
				CLANG_WARN_EMPTY_BODY = YES;
				CLANG_WARN_ENUM_CONVERSION = YES;
				CLANG_WARN_INT_CONVERSION = YES;
				CLANG_WARN_OBJC_ROOT_CLASS = YES_ERROR;
				CLANG_WARN_UNREACHABLE_CODE = YES;
				CLANG_WARN__DUPLICATE_METHOD_MATCH = YES;
				"CODE_SIGN_IDENTITY[sdk=iphoneos*]" = "iPhone Developer";
				COPY_PHASE_STRIP = NO;
				DEBUG_INFORMATION_FORMAT = "dwarf-with-dsym";
				ENABLE_NS_ASSERTIONS = NO;
				ENABLE_STRICT_OBJC_MSGSEND = YES;
				GCC_C_LANGUAGE_STANDARD = gnu99;
				GCC_NO_COMMON_BLOCKS = YES;
				GCC_WARN_64_TO_32_BIT_CONVERSION = YES;
				GCC_WARN_ABOUT_RETURN_TYPE = YES_ERROR;
				GCC_WARN_UNDECLARED_SELECTOR = YES;
				GCC_WARN_UNINITIALIZED_AUTOS = YES_AGGRESSIVE;
				GCC_WARN_UNUSED_FUNCTION = YES;
				GCC_WARN_UNUSED_VARIABLE = YES;
				IPHONEOS_DEPLOYMENT_TARGET = 8.3;
				MTL_ENABLE_DEBUG_INFO = NO;
				SDKROOT = iphoneos;
				VALIDATE_PRODUCT = YES;
			};
			name = Release;
		};
		8B2CC2B91B344E4500144666 /* Debug */ = {
			isa = XCBuildConfiguration;
			buildSettings = {
				ASSETCATALOG_COMPILER_APPICON_NAME = AppIcon;
				INFOPLIST_FILE = Drawing/Info.plist;
				LD_RUNPATH_SEARCH_PATHS = "$(inherited) @executable_path/Frameworks";
				PRODUCT_NAME = "$(TARGET_NAME)";
			};
			name = Debug;
		};
		8B2CC2BA1B344E4500144666 /* Release */ = {
			isa = XCBuildConfiguration;
			buildSettings = {
				ASSETCATALOG_COMPILER_APPICON_NAME = AppIcon;
				INFOPLIST_FILE = Drawing/Info.plist;
				LD_RUNPATH_SEARCH_PATHS = "$(inherited) @executable_path/Frameworks";
				PRODUCT_NAME = "$(TARGET_NAME)";
			};
			name = Release;
		};
		8B2CC2BC1B344E4500144666 /* Debug */ = {
			isa = XCBuildConfiguration;
			buildSettings = {
				BUNDLE_LOADER = "$(TEST_HOST)";
				FRAMEWORK_SEARCH_PATHS = (
					"$(SDKROOT)/Developer/Library/Frameworks",
					"$(inherited)",
				);
				GCC_PREPROCESSOR_DEFINITIONS = (
					"DEBUG=1",
					"$(inherited)",
				);
				INFOPLIST_FILE = DrawingTests/Info.plist;
				LD_RUNPATH_SEARCH_PATHS = "$(inherited) @executable_path/Frameworks @loader_path/Frameworks";
				PRODUCT_NAME = "$(TARGET_NAME)";
				TEST_HOST = "$(BUILT_PRODUCTS_DIR)/Drawing.app/Drawing";
			};
			name = Debug;
		};
		8B2CC2BD1B344E4500144666 /* Release */ = {
			isa = XCBuildConfiguration;
			buildSettings = {
				BUNDLE_LOADER = "$(TEST_HOST)";
				FRAMEWORK_SEARCH_PATHS = (
					"$(SDKROOT)/Developer/Library/Frameworks",
					"$(inherited)",
				);
				INFOPLIST_FILE = DrawingTests/Info.plist;
				LD_RUNPATH_SEARCH_PATHS = "$(inherited) @executable_path/Frameworks @loader_path/Frameworks";
				PRODUCT_NAME = "$(TARGET_NAME)";
				TEST_HOST = "$(BUILT_PRODUCTS_DIR)/Drawing.app/Drawing";
			};
			name = Release;
		};
/* End XCBuildConfiguration section */

/* Begin XCConfigurationList section */
		8B2CC2901B344E4500144666 /* Build configuration list for PBXProject "Drawing" */ = {
			isa = XCConfigurationList;
			buildConfigurations = (
				8B2CC2B61B344E4500144666 /* Debug */,
				8B2CC2B71B344E4500144666 /* Release */,
			);
			defaultConfigurationIsVisible = 0;
			defaultConfigurationName = Release;
		};
		8B2CC2B81B344E4500144666 /* Build configuration list for PBXNativeTarget "Drawing" */ = {
			isa = XCConfigurationList;
			buildConfigurations = (
				8B2CC2B91B344E4500144666 /* Debug */,
				8B2CC2BA1B344E4500144666 /* Release */,
			);
			defaultConfigurationIsVisible = 0;
		};
		8B2CC2BB1B344E4500144666 /* Build configuration list for PBXNativeTarget "DrawingTests" */ = {
			isa = XCConfigurationList;
			buildConfigurations = (
				8B2CC2BC1B344E4500144666 /* Debug */,
				8B2CC2BD1B344E4500144666 /* Release */,
			);
			defaultConfigurationIsVisible = 0;
		};
/* End XCConfigurationList section */
	};
	rootObject = 8B2CC28D1B344E4500144666 /* Project object */;
}
